
Microsoft Visual Studio Solution File, Format Version 12.00
# Visual Studio Version 17
VisualStudioVersion = 17.4.33213.308
MinimumVisualStudioVersion = 10.0.40219.1
Project("{9A19103F-16F7-4668-BE54-9A1E7A4F7556}") = "ShiftLoggerAPI", "ShiftLogger\ShiftLoggerAPI.csproj", "{17FFB4E0-8C31-4AAF-9119-24322C9755BB}"
EndProject
Project("{FAE04EC0-301F-11D3-BF4B-00C04F79EFBC}") = "ShiftLoggerConsole", "ShiftLoggerConsole\ShiftLoggerConsole.csproj", "{8ED785E2-F140-4EFC-9998-C7F9C9372B8D}"
EndProject
Global
	GlobalSection(SolutionConfigurationPlatforms) = preSolution
		Debug|Any CPU = Debug|Any CPU
		Release|Any CPU = Release|Any CPU
	EndGlobalSection
	GlobalSection(ProjectConfigurationPlatforms) = postSolution
		{17FFB4E0-8C31-4AAF-9119-24322C9755BB}.Debug|Any CPU.ActiveCfg = Debug|Any CPU
		{17FFB4E0-8C31-4AAF-9119-24322C9755BB}.Debug|Any CPU.Build.0 = Debug|Any CPU
		{17FFB4E0-8C31-4AAF-9119-24322C9755BB}.Release|Any CPU.ActiveCfg = Release|Any CPU
		{17FFB4E0-8C31-4AAF-9119-24322C9755BB}.Release|Any CPU.Build.0 = Release|Any CPU
		{8ED785E2-F140-4EFC-9998-C7F9C9372B8D}.Debug|Any CPU.ActiveCfg = Debug|Any CPU
		{8ED785E2-F140-4EFC-9998-C7F9C9372B8D}.Debug|Any CPU.Build.0 = Debug|Any CPU
		{8ED785E2-F140-4EFC-9998-C7F9C9372B8D}.Release|Any CPU.ActiveCfg = Release|Any CPU
		{8ED785E2-F140-4EFC-9998-C7F9C9372B8D}.Release|Any CPU.Build.0 = Release|Any CPU
	EndGlobalSection
	GlobalSection(SolutionProperties) = preSolution
		HideSolutionNode = FALSE
	EndGlobalSection
	GlobalSection(ExtensibilityGlobals) = postSolution
		SolutionGuid = {3D6E27B3-8FE1-4116-8C0D-64679C4841F9}
	EndGlobalSection
EndGlobal
